
Microsoft Visual Studio Solution File, Format Version 12.00
# Visual Studio Version 16
VisualStudioVersion = 16.0.28729.10
MinimumVisualStudioVersion = 10.0.40219.1
Project("{FAE04EC0-301F-11D3-BF4B-00C04F79EFBC}") = "My_Project", "My_Project.csproj", "{79B7E9B4-278A-4960-87E4-D4E62B961640}"
EndProject
Global
	GlobalSection(SolutionConfigurationPlatforms) = preSolution
		Debug|Any CPU = Debug|Any CPU
		Release|Any CPU = Release|Any CPU
	EndGlobalSection
	GlobalSection(ProjectConfigurationPlatforms) = postSolution
		{79B7E9B4-278A-4960-87E4-D4E62B961640}.Debug|Any CPU.ActiveCfg = Debug|Any CPU
		{79B7E9B4-278A-4960-87E4-D4E62B961640}.Debug|Any CPU.Build.0 = Debug|Any CPU
		{79B7E9B4-278A-4960-87E4-D4E62B961640}.Release|Any CPU.ActiveCfg = Release|Any CPU
		{79B7E9B4-278A-4960-87E4-D4E62B961640}.Release|Any CPU.Build.0 = Release|Any CPU
	EndGlobalSection
	GlobalSection(SolutionProperties) = preSolution
		HideSolutionNode = FALSE
	EndGlobalSection
	GlobalSection(ExtensibilityGlobals) = postSolution
		SolutionGuid = {A316FF72-A5A5-4F5B-95EB-51E13675F464}
	EndGlobalSection
EndGlobal
